
Microsoft Visual Studio Solution File, Format Version 12.00
# Visual Studio 2013
VisualStudioVersion = 12.0.31101.0
MinimumVisualStudioVersion = 10.0.40219.1
Project("{FAE04EC0-301F-11D3-BF4B-00C04F79EFBC}") = "Payroll_Isakov", "Payroll_Isakov\Payroll_Isakov.csproj", "{76918A61-A6E8-40DB-9427-4C4F1A25E4DD}"
EndProject
Project("{FAE04EC0-301F-11D3-BF4B-00C04F79EFBC}") = "PayrollTest_Isakov", "PayrollTest_Isakov\PayrollTest_Isakov.csproj", "{2BA98481-B55A-4B22-9098-562E7C2DF894}"
EndProject
Global
	GlobalSection(SolutionConfigurationPlatforms) = preSolution
		Debug|Any CPU = Debug|Any CPU
		Release|Any CPU = Release|Any CPU
	EndGlobalSection
	GlobalSection(ProjectConfigurationPlatforms) = postSolution
		{76918A61-A6E8-40DB-9427-4C4F1A25E4DD}.Debug|Any CPU.ActiveCfg = Debug|Any CPU
		{76918A61-A6E8-40DB-9427-4C4F1A25E4DD}.Debug|Any CPU.Build.0 = Debug|Any CPU
		{76918A61-A6E8-40DB-9427-4C4F1A25E4DD}.Release|Any CPU.ActiveCfg = Release|Any CPU
		{76918A61-A6E8-40DB-9427-4C4F1A25E4DD}.Release|Any CPU.Build.0 = Release|Any CPU
		{2BA98481-B55A-4B22-9098-562E7C2DF894}.Debug|Any CPU.ActiveCfg = Debug|Any CPU
		{2BA98481-B55A-4B22-9098-562E7C2DF894}.Debug|Any CPU.Build.0 = Debug|Any CPU
		{2BA98481-B55A-4B22-9098-562E7C2DF894}.Release|Any CPU.ActiveCfg = Release|Any CPU
		{2BA98481-B55A-4B22-9098-562E7C2DF894}.Release|Any CPU.Build.0 = Release|Any CPU
	EndGlobalSection
	GlobalSection(SolutionProperties) = preSolution
		HideSolutionNode = FALSE
	EndGlobalSection
EndGlobal
